
Microsoft Visual Studio Solution File, Format Version 12.00
# Visual Studio 14
VisualStudioVersion = 14.0.25420.1
MinimumVisualStudioVersion = 10.0.40219.1
Project("{E24C65DC-7377-472B-9ABA-BC803B73C61A}") = "DVCS_Exercise", "DVCS_Exercise\", "{5FE518F1-F9AA-4B32-BEA3-D0E469D8C960}"
	ProjectSection(WebsiteProperties) = preProject
		TargetFrameworkMoniker = ".NETFramework,Version%3Dv4.5.2"
		ProjectReferences = "{d87dbaba-22ba-49e6-9437-983bbe11d1f7}|Library2.Data.dll;{0414a7c4-1b27-4f3a-bab3-49379b4d8b81}|Library1.system.dll;"
		Debug.AspNetCompiler.VirtualPath = "/localhost_15670"
		Debug.AspNetCompiler.PhysicalPath = "DVCS_Exercise\"
		Debug.AspNetCompiler.TargetPath = "PrecompiledWeb\localhost_15670\"
		Debug.AspNetCompiler.Updateable = "true"
		Debug.AspNetCompiler.ForceOverwrite = "true"
		Debug.AspNetCompiler.FixedNames = "false"
		Debug.AspNetCompiler.Debug = "True"
		Release.AspNetCompiler.VirtualPath = "/localhost_15670"
		Release.AspNetCompiler.PhysicalPath = "DVCS_Exercise\"
		Release.AspNetCompiler.TargetPath = "PrecompiledWeb\localhost_15670\"
		Release.AspNetCompiler.Updateable = "true"
		Release.AspNetCompiler.ForceOverwrite = "true"
		Release.AspNetCompiler.FixedNames = "false"
		Release.AspNetCompiler.Debug = "False"
		VWDPort = "15670"
		SlnRelativePath = "DVCS_Exercise\"
		DefaultWebSiteLanguage = "Visual C#"
	EndProjectSection
EndProject
Project("{FAE04EC0-301F-11D3-BF4B-00C04F79EFBC}") = "Library1.system", "Library1.system\Library1.system.csproj", "{0414A7C4-1B27-4F3A-BAB3-49379B4D8B81}"
EndProject
Project("{FAE04EC0-301F-11D3-BF4B-00C04F79EFBC}") = "Library2.Data", "Library2.Data\Library2.Data.csproj", "{D87DBABA-22BA-49E6-9437-983BBE11D1F7}"
EndProject
Global
	GlobalSection(SolutionConfigurationPlatforms) = preSolution
		Debug|Any CPU = Debug|Any CPU
		Release|Any CPU = Release|Any CPU
	EndGlobalSection
	GlobalSection(ProjectConfigurationPlatforms) = postSolution
		{5FE518F1-F9AA-4B32-BEA3-D0E469D8C960}.Debug|Any CPU.ActiveCfg = Debug|Any CPU
		{5FE518F1-F9AA-4B32-BEA3-D0E469D8C960}.Debug|Any CPU.Build.0 = Debug|Any CPU
		{5FE518F1-F9AA-4B32-BEA3-D0E469D8C960}.Release|Any CPU.ActiveCfg = Debug|Any CPU
		{5FE518F1-F9AA-4B32-BEA3-D0E469D8C960}.Release|Any CPU.Build.0 = Debug|Any CPU
		{0414A7C4-1B27-4F3A-BAB3-49379B4D8B81}.Debug|Any CPU.ActiveCfg = Debug|Any CPU
		{0414A7C4-1B27-4F3A-BAB3-49379B4D8B81}.Debug|Any CPU.Build.0 = Debug|Any CPU
		{0414A7C4-1B27-4F3A-BAB3-49379B4D8B81}.Release|Any CPU.ActiveCfg = Release|Any CPU
		{0414A7C4-1B27-4F3A-BAB3-49379B4D8B81}.Release|Any CPU.Build.0 = Release|Any CPU
		{D87DBABA-22BA-49E6-9437-983BBE11D1F7}.Debug|Any CPU.ActiveCfg = Debug|Any CPU
		{D87DBABA-22BA-49E6-9437-983BBE11D1F7}.Debug|Any CPU.Build.0 = Debug|Any CPU
		{D87DBABA-22BA-49E6-9437-983BBE11D1F7}.Release|Any CPU.ActiveCfg = Release|Any CPU
		{D87DBABA-22BA-49E6-9437-983BBE11D1F7}.Release|Any CPU.Build.0 = Release|Any CPU
	EndGlobalSection
	GlobalSection(SolutionProperties) = preSolution
		HideSolutionNode = FALSE
	EndGlobalSection
EndGlobal
